
Microsoft Visual Studio Solution File, Format Version 12.00
Project("{FAE04EC0-301F-11D3-BF4B-00C04F79EFBC}") = "LeetCode", "LeetCode\LeetCode.csproj", "{7B8988E6-76D7-4938-AA0B-D2AD8553FDCA}"
EndProject
Project("{FAE04EC0-301F-11D3-BF4B-00C04F79EFBC}") = "LeetCodeUnitTests", "LeetCodeUnitTests\LeetCodeUnitTests.csproj", "{CEA5CD20-470A-4408-AA9C-9580A455EBDB}"
EndProject
Global
	GlobalSection(SolutionConfigurationPlatforms) = preSolution
		Debug|Any CPU = Debug|Any CPU
		Release|Any CPU = Release|Any CPU
	EndGlobalSection
	GlobalSection(ProjectConfigurationPlatforms) = postSolution
		{7B8988E6-76D7-4938-AA0B-D2AD8553FDCA}.Debug|Any CPU.ActiveCfg = Debug|Any CPU
		{7B8988E6-76D7-4938-AA0B-D2AD8553FDCA}.Debug|Any CPU.Build.0 = Debug|Any CPU
		{7B8988E6-76D7-4938-AA0B-D2AD8553FDCA}.Release|Any CPU.ActiveCfg = Release|Any CPU
		{7B8988E6-76D7-4938-AA0B-D2AD8553FDCA}.Release|Any CPU.Build.0 = Release|Any CPU
		{CEA5CD20-470A-4408-AA9C-9580A455EBDB}.Debug|Any CPU.ActiveCfg = Debug|Any CPU
		{CEA5CD20-470A-4408-AA9C-9580A455EBDB}.Debug|Any CPU.Build.0 = Debug|Any CPU
		{CEA5CD20-470A-4408-AA9C-9580A455EBDB}.Release|Any CPU.ActiveCfg = Release|Any CPU
		{CEA5CD20-470A-4408-AA9C-9580A455EBDB}.Release|Any CPU.Build.0 = Release|Any CPU
	EndGlobalSection
EndGlobal
